
Microsoft Visual Studio Solution File, Format Version 12.00
# Visual Studio 15
VisualStudioVersion = 15.0.28307.645
MinimumVisualStudioVersion = 10.0.40219.1
Project("{FAE04EC0-301F-11D3-BF4B-00C04F79EFBC}") = "SchoolTracker", "SchoolTracker\SchoolTracker.csproj", "{12D564BA-9AAE-43E5-8C31-CE5804BCACCE}"
EndProject
Global
	GlobalSection(SolutionConfigurationPlatforms) = preSolution
		Debug|Any CPU = Debug|Any CPU
		Release|Any CPU = Release|Any CPU
	EndGlobalSection
	GlobalSection(ProjectConfigurationPlatforms) = postSolution
		{12D564BA-9AAE-43E5-8C31-CE5804BCACCE}.Debug|Any CPU.ActiveCfg = Debug|Any CPU
		{12D564BA-9AAE-43E5-8C31-CE5804BCACCE}.Debug|Any CPU.Build.0 = Debug|Any CPU
		{12D564BA-9AAE-43E5-8C31-CE5804BCACCE}.Release|Any CPU.ActiveCfg = Release|Any CPU
		{12D564BA-9AAE-43E5-8C31-CE5804BCACCE}.Release|Any CPU.Build.0 = Release|Any CPU
	EndGlobalSection
	GlobalSection(SolutionProperties) = preSolution
		HideSolutionNode = FALSE
	EndGlobalSection
	GlobalSection(ExtensibilityGlobals) = postSolution
		SolutionGuid = {51F65671-7941-428B-906A-5E17EA12070B}
	EndGlobalSection
EndGlobal
