
Microsoft Visual Studio Solution File, Format Version 12.00
# Visual Studio 15
VisualStudioVersion = 15.0.28307.645
MinimumVisualStudioVersion = 10.0.40219.1
Project("{FAE04EC0-301F-11D3-BF4B-00C04F79EFBC}") = "JobCanidate", "JobCanidate\JobCanidate.csproj", "{2A8DEF61-B93B-4570-9DD1-F774AEC88791}"
EndProject
Global
	GlobalSection(SolutionConfigurationPlatforms) = preSolution
		Debug|Any CPU = Debug|Any CPU
		Release|Any CPU = Release|Any CPU
	EndGlobalSection
	GlobalSection(ProjectConfigurationPlatforms) = postSolution
		{2A8DEF61-B93B-4570-9DD1-F774AEC88791}.Debug|Any CPU.ActiveCfg = Debug|Any CPU
		{2A8DEF61-B93B-4570-9DD1-F774AEC88791}.Debug|Any CPU.Build.0 = Debug|Any CPU
		{2A8DEF61-B93B-4570-9DD1-F774AEC88791}.Release|Any CPU.ActiveCfg = Release|Any CPU
		{2A8DEF61-B93B-4570-9DD1-F774AEC88791}.Release|Any CPU.Build.0 = Release|Any CPU
	EndGlobalSection
	GlobalSection(SolutionProperties) = preSolution
		HideSolutionNode = FALSE
	EndGlobalSection
	GlobalSection(ExtensibilityGlobals) = postSolution
		SolutionGuid = {4800C64A-ADFE-4AFC-8EF7-F46406B631CB}
	EndGlobalSection
EndGlobal
